
Microsoft Visual Studio Solution File, Format Version 12.00
# Visual Studio Version 17
VisualStudioVersion = 17.9.34723.18
MinimumVisualStudioVersion = 10.0.40219.1
Project("{FAE04EC0-301F-11D3-BF4B-00C04F79EFBC}") = "SimpleCircuitBreaker", "SimpleCircuitBreaker\SimpleCircuitBreaker.csproj", "{24D37059-DA81-415F-A820-8CA85F2E7581}"
EndProject
Global
	GlobalSection(SolutionConfigurationPlatforms) = preSolution
		Debug|Any CPU = Debug|Any CPU
		Release|Any CPU = Release|Any CPU
	EndGlobalSection
	GlobalSection(ProjectConfigurationPlatforms) = postSolution
		{24D37059-DA81-415F-A820-8CA85F2E7581}.Debug|Any CPU.ActiveCfg = Debug|Any CPU
		{24D37059-DA81-415F-A820-8CA85F2E7581}.Debug|Any CPU.Build.0 = Debug|Any CPU
		{24D37059-DA81-415F-A820-8CA85F2E7581}.Release|Any CPU.ActiveCfg = Release|Any CPU
		{24D37059-DA81-415F-A820-8CA85F2E7581}.Release|Any CPU.Build.0 = Release|Any CPU
	EndGlobalSection
	GlobalSection(SolutionProperties) = preSolution
		HideSolutionNode = FALSE
	EndGlobalSection
	GlobalSection(ExtensibilityGlobals) = postSolution
		SolutionGuid = {A580756E-F8C5-42D3-80F9-DDABA15BD80A}
	EndGlobalSection
EndGlobal
